// !$*UTF8*$!
{
	archiveVersion = 1;
	classes = {
	};
	objectVersion = 56;
	objects = {

/* Begin PBXBuildFile section */
		00446567795F92D700D3968B /* MethodDetailView.swift in Sources */ = {isa = PBXBuildFile; fileRef = F93FD80B2F3A61B00009322A /* MethodDetailView.swift */; };
		00939977041C836C6F3D34B7 /* MethodTemplate.swift in Sources */ = {isa = PBXBuildFile; fileRef = 59A3F3B1D28442E1 /* MethodTemplate.swift */; };
		0185192E7EB43CB04D2F4192 /* MonochromeStyle.swift in Sources */ = {isa = PBXBuildFile; fileRef = BB100001BB100001 /* MonochromeStyle.swift */; };
		065CD976829E31F0A57F1293 /* ImageCompressor.swift in Sources */ = {isa = PBXBuildFile; fileRef = F93FD7ED2F3A61B00009322A /* ImageCompressor.swift */; };
		0D81D380974C75497E627EC8 /* SchemaV1.swift in Sources */ = {isa = PBXBuildFile; fileRef = 774C71094AD5404D /* SchemaV1.swift */; };
		0F7A165386C9FD57E0CD3B11 /* CoffeeBean.swift in Sources */ = {isa = PBXBuildFile; fileRef = 51C0C689074F4DD9 /* CoffeeBean.swift */; };
		12EEFB14DD2E3A2695BE820D /* MethodCategory.swift in Sources */ = {isa = PBXBuildFile; fileRef = F93FD7DF2F3A61B00009322A /* MethodCategory.swift */; };
		13C4188A53076B403459479E /* FreshnessCalculator.swift in Sources */ = {isa = PBXBuildFile; fileRef = F93FD7EC2F3A61B00009322A /* FreshnessCalculator.swift */; };
		13DA49F3944BD399799DB6D8 /* RoastLevel.swift in Sources */ = {isa = PBXBuildFile; fileRef = F93FD7E22F3A61B00009322A /* RoastLevel.swift */; };
		184358AA7FF6BA8529139680 /* BrewStepTemplates.swift in Sources */ = {isa = PBXBuildFile; fileRef = F93FD7EA2F3A61B00009322A /* BrewStepTemplates.swift */; };
		24FF882D8E289A980A68124F /* FlavorWheelView.swift in Sources */ = {isa = PBXBuildFile; fileRef = F93FD8222F3A61B00009322A /* FlavorWheelView.swift */; };
		26B42C623CE73CDAAC3B986B /* FlavorTagFlowView.swift in Sources */ = {isa = PBXBuildFile; fileRef = F93FD8212F3A61B00009322A /* FlavorTagFlowView.swift */; };
		28CFB4403CE226385949C8DD /* GrinderDetailView.swift in Sources */ = {isa = PBXBuildFile; fileRef = F93FD8092F3A61B00009322A /* GrinderDetailView.swift */; };
		29DD7E3D3954E4B5AAEB9BBD /* Grinder.swift in Sources */ = {isa = PBXBuildFile; fileRef = F93FD7DD2F3A61B00009322A /* Grinder.swift */; };
		2DB56F74FDFBA554C63FDB41 /* BrewLogViewModel.swift in Sources */ = {isa = PBXBuildFile; fileRef = F93FD7EF2F3A61B00009322A /* BrewLogViewModel.swift */; };
		3060EC21D3D9839A3D208FF8 /* MethodSelectionView.swift in Sources */ = {isa = PBXBuildFile; fileRef = DD400003DD400003 /* MethodSelectionView.swift */; };
		35719FC1A66F3CCAFD665C2E /* BagScannerView.swift in Sources */ = {isa = PBXBuildFile; fileRef = F93FD8122F3A61B00009322A /* BagScannerView.swift */; };
		35D4DFD3E78C914244446A9C /* BagLabelParser.swift in Sources */ = {isa = PBXBuildFile; fileRef = F93FD7E92F3A61B00009322A /* BagLabelParser.swift */; };
		36D42F5A657282B7391BED4D /* SetupWizardView.swift in Sources */ = {isa = PBXBuildFile; fileRef = F93FD81A2F3A61B00009322A /* SetupWizardView.swift */; };
		3703043EF91D495DEF5FF406 /* BrewFilterSheet.swift in Sources */ = {isa = PBXBuildFile; fileRef = F93FD80E2F3A61B00009322A /* BrewFilterSheet.swift */; };
		393806B0D7A6508B73024FE8 /* GrinderDetailView.swift in Sources */ = {isa = PBXBuildFile; fileRef = DD500002DD500002 /* GrinderDetailView.swift */; };
		397A7F16E8EEF004C3613FC7 /* FlavorProfileView.swift in Sources */ = {isa = PBXBuildFile; fileRef = F93FD81F2F3A61B00009322A /* FlavorProfileView.swift */; };
		3B6FFB593BF6E21C5537E5BB /* GrinderEntryView.swift in Sources */ = {isa = PBXBuildFile; fileRef = F93FD8172F3A61B00009322A /* GrinderEntryView.swift */; };
		3BFAEA17619B20F894B817BB /* ProcessingMethod.swift in Sources */ = {isa = PBXBuildFile; fileRef = F93FD7E12F3A61B00009322A /* ProcessingMethod.swift */; };
		3C707FDCC751653AFDA2DCAD /* GrinderEntryView.swift in Sources */ = {isa = PBXBuildFile; fileRef = DD400004DD400004 /* GrinderEntryView.swift */; };
		3E707DAC10DB30C35F4E9984 /* BrewLogDetailView.swift in Sources */ = {isa = PBXBuildFile; fileRef = F93FD7FA2F3A61B00009322A /* BrewLogDetailView.swift */; };
		3F9D0BE4640C7826D80A064D /* BrewStepGuideView.swift in Sources */ = {isa = PBXBuildFile; fileRef = F93FD7FD2F3A61B00009322A /* BrewStepGuideView.swift */; };
		40B8D47D8C94E2D1F8B36891 /* SetupCompleteView.swift in Sources */ = {isa = PBXBuildFile; fileRef = DD400005DD400005 /* SetupCompleteView.swift */; };
		4388840120803C2FC3011C76 /* GrinderType.swift in Sources */ = {isa = PBXBuildFile; fileRef = F6C67BC12CA1418C /* GrinderType.swift */; };
		4B963405A5F76A72CB1EABD1 /* BrewLogListView.swift in Sources */ = {isa = PBXBuildFile; fileRef = F93FD7FB2F3A61B00009322A /* BrewLogListView.swift */; };
		4F01920FBBA27C0A1FBF50D0 /* TastingNoteViewModel.swift in Sources */ = {isa = PBXBuildFile; fileRef = F93FD7F12F3A61B00009322A /* TastingNoteViewModel.swift */; };
		4F7590DB4DF905318D53C742 /* CoffeeJournalApp.swift in Sources */ = {isa = PBXBuildFile; fileRef = F5CAFB78E95C45AD /* CoffeeJournalApp.swift */; };
		5115E7862B5A5353CADCCD4A /* GrinderListView.swift in Sources */ = {isa = PBXBuildFile; fileRef = F93FD80A2F3A61B00009322A /* GrinderListView.swift */; };
		53FC98E8C0FAC3BC72ABDCB2 /* BrewTimerView.swift in Sources */ = {isa = PBXBuildFile; fileRef = F93FD7FE2F3A61B00009322A /* BrewTimerView.swift */; };
		54029ABA0A17713CF24A4D8D /* AddMethodView.swift in Sources */ = {isa = PBXBuildFile; fileRef = DD300002DD300002 /* AddMethodView.swift */; };
		58C1D4CC703AFDAD7F37D97E /* ContentView.swift in Sources */ = {isa = PBXBuildFile; fileRef = 28835F6529C54E9F /* ContentView.swift */; };
		6046E617E53A3938171D855C /* MethodTemplate.swift in Sources */ = {isa = PBXBuildFile; fileRef = F93FD7E02F3A61B00009322A /* MethodTemplate.swift */; };
		6560831ABCB3CDC4BAC9D854 /* MethodListView.swift in Sources */ = {isa = PBXBuildFile; fileRef = DD300001DD300001 /* MethodListView.swift */; };
		6AE86FDB2D9ACF7FAD8BCA75 /* StatisticsDashboardView.swift in Sources */ = {isa = PBXBuildFile; fileRef = F93FD8102F3A61B00009322A /* StatisticsDashboardView.swift */; };
		6CB8BCB1F7782E195DB580B7 /* SetupCompleteView.swift in Sources */ = {isa = PBXBuildFile; fileRef = F93FD8192F3A61B00009322A /* SetupCompleteView.swift */; };
		6E57F8048A5C74ADACA336AC /* BrewMethod.swift in Sources */ = {isa = PBXBuildFile; fileRef = EE64E86DD6A84C13 /* BrewMethod.swift */; };
		78021BF0599D2ACA72169CB0 /* AppStorageKeys.swift in Sources */ = {isa = PBXBuildFile; fileRef = F93FD7E82F3A61B00009322A /* AppStorageKeys.swift */; };
		781DBA3420024EEF9F91A81B /* WelcomeStepView.swift in Sources */ = {isa = PBXBuildFile; fileRef = F93FD81B2F3A61B00009322A /* WelcomeStepView.swift */; };
		7BE0D3AF0B9C99E5428A60B4 /* WelcomeStepView.swift in Sources */ = {isa = PBXBuildFile; fileRef = DD400002DD400002 /* WelcomeStepView.swift */; };
		7E41F3044C2556B6771BE1AB /* EquipmentPhotoPickerView.swift in Sources */ = {isa = PBXBuildFile; fileRef = DD500003DD500003 /* EquipmentPhotoPickerView.swift */; };
		7EC23F501E4B4F32E20F4F82 /* BrewLog.swift in Sources */ = {isa = PBXBuildFile; fileRef = 4855878F441948B3 /* BrewLog.swift */; };
		815068AA7D53DABF39DF82DC /* NetworkMonitor.swift in Sources */ = {isa = PBXBuildFile; fileRef = F93FD7E52F3A61B00009322A /* NetworkMonitor.swift */; };
		8249E9531A7A180E5A5AC40A /* EmptyStateView.swift in Sources */ = {isa = PBXBuildFile; fileRef = F93FD8002F3A61B00009322A /* EmptyStateView.swift */; };
		83E8EFCE1E67CD163A53D746 /* FlavorTagChipView.swift in Sources */ = {isa = PBXBuildFile; fileRef = F93FD8202F3A61B00009322A /* FlavorTagChipView.swift */; };
		84D236017428A23D692AAD1B /* GrinderType.swift in Sources */ = {isa = PBXBuildFile; fileRef = F93FD7DE2F3A61B00009322A /* GrinderType.swift */; };
		8952CEC4EFAB56ACC70EB2A6 /* AddGrinderView.swift in Sources */ = {isa = PBXBuildFile; fileRef = F93FD8062F3A61B00009322A /* AddGrinderView.swift */; };
		8A35B0A0B68BD42943EE6275 /* MethodDetailView.swift in Sources */ = {isa = PBXBuildFile; fileRef = DD500001DD500001 /* MethodDetailView.swift */; };
		8C50AA3FA95D2EA8ACAD1C42 /* MigrationPlan.swift in Sources */ = {isa = PBXBuildFile; fileRef = D09E04E786C944E3 /* MigrationPlan.swift */; };
		8DAB317C5DF33ED912F62C82 /* TastingNoteEntryView.swift in Sources */ = {isa = PBXBuildFile; fileRef = F93FD8242F3A61B00009322A /* TastingNoteEntryView.swift */; };
		915202887C772010B747B1E4 /* BeanRow.swift in Sources */ = {isa = PBXBuildFile; fileRef = F93FD7F62F3A61B00009322A /* BeanRow.swift */; };
		9387ACA43674811E3E4F3E30 /* BrewMethod.swift in Sources */ = {isa = PBXBuildFile; fileRef = F93FD7DA2F3A61B00009322A /* BrewMethod.swift */; };
		983F0E922D8943427E430AE6 /* MethodListView.swift in Sources */ = {isa = PBXBuildFile; fileRef = F93FD80C2F3A61B00009322A /* MethodListView.swift */; };
		A13868C9425956E2B3DAE8FD /* SetupWizardViewModel.swift in Sources */ = {isa = PBXBuildFile; fileRef = DD200001DD200001 /* SetupWizardViewModel.swift */; };
		A4531AE83BEC338BAE8617A2 /* MethodSelectionView.swift in Sources */ = {isa = PBXBuildFile; fileRef = F93FD8182F3A61B00009322A /* MethodSelectionView.swift */; };
		A4D136F6A44D2FB3B63C03B1 /* SetupWizardViewModel.swift in Sources */ = {isa = PBXBuildFile; fileRef = F93FD7F02F3A61B00009322A /* SetupWizardViewModel.swift */; };
		A64C3CA581CB7160A0E95DDB /* MigrationPlan.swift in Sources */ = {isa = PBXBuildFile; fileRef = F93FD7D62F3A61B00009322A /* MigrationPlan.swift */; };
		A7D2E3B35C7E4CC37A66EA11 /* MonochromeStyle.swift in Sources */ = {isa = PBXBuildFile; fileRef = F93FD8022F3A61B00009322A /* MonochromeStyle.swift */; };
		A9E492E43F60F2774F416391 /* AppStorageKeys.swift in Sources */ = {isa = PBXBuildFile; fileRef = BB100005BB100005 /* AppStorageKeys.swift */; };
		AEFB9DEA2C6505FD6FC71DBC /* AddBrewLogView.swift in Sources */ = {isa = PBXBuildFile; fileRef = F93FD7F92F3A61B00009322A /* AddBrewLogView.swift */; };
		AF36DB524830BC34F8C4EE5E /* EquipmentRow.swift in Sources */ = {isa = PBXBuildFile; fileRef = F93FD8012F3A61B00009322A /* EquipmentRow.swift */; };
		AFCECABA249E1D25E6DAB6DB /* FlowLayout.swift in Sources */ = {isa = PBXBuildFile; fileRef = F93FD7EB2F3A61B00009322A /* FlowLayout.swift */; };
		B1686A8E3CE4BB03C39166B8 /* BeanListView.swift in Sources */ = {isa = PBXBuildFile; fileRef = F93FD7F52F3A61B00009322A /* BeanListView.swift */; };
		B69AC492964121DC57C4DF24 /* SpiderChartView.swift in Sources */ = {isa = PBXBuildFile; fileRef = F93FD8232F3A61B00009322A /* SpiderChartView.swift */; };
		BA855F1B6C1C44ECEA715B14 /* FlavorWheel.swift in Sources */ = {isa = PBXBuildFile; fileRef = F93FD7DC2F3A61B00009322A /* FlavorWheel.swift */; };
		BDC9378804C55720942013A2 /* BrewLogRow.swift in Sources */ = {isa = PBXBuildFile; fileRef = F93FD7FC2F3A61B00009322A /* BrewLogRow.swift */; };
		BEE82EC3A427E603063DFDAF /* AttributeSliderView.swift in Sources */ = {isa = PBXBuildFile; fileRef = F93FD81D2F3A61B00009322A /* AttributeSliderView.swift */; };
		C13D9ACA95E119A0619A82A8 /* Grinder.swift in Sources */ = {isa = PBXBuildFile; fileRef = 91F5A161AEFE43D3 /* Grinder.swift */; };
		C374C4D7B8444B87EE08251B /* ImageCompressor.swift in Sources */ = {isa = PBXBuildFile; fileRef = BB100004BB100004 /* ImageCompressor.swift */; };
		C8C44A61DEDD03269C4EE87A /* EquipmentRow.swift in Sources */ = {isa = PBXBuildFile; fileRef = BB100003BB100003 /* EquipmentRow.swift */; };
		CE0D721324848102EDE7C790 /* MethodCategory.swift in Sources */ = {isa = PBXBuildFile; fileRef = 1FF05D91D4DB49D7 /* MethodCategory.swift */; };
		CE3C84A8E46E92787C485BB8 /* TastingNote.swift in Sources */ = {isa = PBXBuildFile; fileRef = 1BDFE5D8B70148F2 /* TastingNote.swift */; };
		CF62E0954A280DC09C73CB6C /* SyncMonitor.swift in Sources */ = {isa = PBXBuildFile; fileRef = F93FD7E62F3A61B00009322A /* SyncMonitor.swift */; };
		D113891CA246942275A51CE4 /* MainTabView.swift in Sources */ = {isa = PBXBuildFile; fileRef = F93FD8262F3A61B00009322A /* MainTabView.swift */; };
		D205A72851A287DA5F3577EA /* AddBeanView.swift in Sources */ = {isa = PBXBuildFile; fileRef = F93FD7F32F3A61B00009322A /* AddBeanView.swift */; };
		D42541E25B7EEDC0D78D3941 /* StarRatingView.swift in Sources */ = {isa = PBXBuildFile; fileRef = F93FD8032F3A61B00009322A /* StarRatingView.swift */; };
		D6A24DCF4E1DB9034C9972D3 /* SettingsView.swift in Sources */ = {isa = PBXBuildFile; fileRef = F93FD8152F3A61B00009322A /* SettingsView.swift */; };
		D6FE87B4F21B9246743841E0 /* AddGrinderView.swift in Sources */ = {isa = PBXBuildFile; fileRef = DD300004DD300004 /* AddGrinderView.swift */; };
		D8275AF18B9EB6E99D65AC14 /* EquipmentPhotoPickerView.swift in Sources */ = {isa = PBXBuildFile; fileRef = F93FD8082F3A61B00009322A /* EquipmentPhotoPickerView.swift */; };
		D9898FD92041CEC62C44F2C6 /* EmptyStateView.swift in Sources */ = {isa = PBXBuildFile; fileRef = BB100002BB100002 /* EmptyStateView.swift */; };
		DA3E661889EA8A44E58CD304 /* ScanResultReviewView.swift in Sources */ = {isa = PBXBuildFile; fileRef = F93FD8132F3A61B00009322A /* ScanResultReviewView.swift */; };
		DD83A829FB88ED6ABB457099 /* SyncStatusView.swift in Sources */ = {isa = PBXBuildFile; fileRef = F93FD8042F3A61B00009322A /* SyncStatusView.swift */; };
		DF4EDDC3A15FC07DB08A8437 /* BrewLog.swift in Sources */ = {isa = PBXBuildFile; fileRef = F93FD7D92F3A61B00009322A /* BrewLog.swift */; };
		E061E57E9BF4E332107D1612 /* SchemaV1.swift in Sources */ = {isa = PBXBuildFile; fileRef = F93FD7D72F3A61B00009322A /* SchemaV1.swift */; };
		E0E39BB979489A1E21CE83A7 /* CoffeeBean.swift in Sources */ = {isa = PBXBuildFile; fileRef = F93FD7DB2F3A61B00009322A /* CoffeeBean.swift */; };
		E12E497FFA5D953F829AA396 /* Foundation.framework in Frameworks */ = {isa = PBXBuildFile; fileRef = 14366588D5B5125A73E229BE /* Foundation.framework */; };
		E1BBE704C4051184F811943C /* SettingsView.swift in Sources */ = {isa = PBXBuildFile; fileRef = DD600002DD600002 /* SettingsView.swift */; };
		E1F8D6EBE5CAE9D77C1099E8 /* FreshnessIndicatorView.swift in Sources */ = {isa = PBXBuildFile; fileRef = F93FD7F72F3A61B00009322A /* FreshnessIndicatorView.swift */; };
		E2A740761D03C13C92BA44B5 /* BrewComparisonView.swift in Sources */ = {isa = PBXBuildFile; fileRef = F93FD81E2F3A61B00009322A /* BrewComparisonView.swift */; };
		EFF5E490C62200419F9C3EF1 /* AddMethodView.swift in Sources */ = {isa = PBXBuildFile; fileRef = F93FD8072F3A61B00009322A /* AddMethodView.swift */; };
		F8ADDCE9372721F564446D20 /* GrinderListView.swift in Sources */ = {isa = PBXBuildFile; fileRef = DD300003DD300003 /* GrinderListView.swift */; };
		FCC8394937A7D10809C2575D /* TastingNote.swift in Sources */ = {isa = PBXBuildFile; fileRef = F93FD7E32F3A61B00009322A /* TastingNote.swift */; };
		FF22FBAFCD679E31DA8317CC /* BrewHistoryListContent.swift in Sources */ = {isa = PBXBuildFile; fileRef = F93FD80F2F3A61B00009322A /* BrewHistoryListContent.swift */; };
		FFE8F145E968F17CAAF5709B /* BeanDetailView.swift in Sources */ = {isa = PBXBuildFile; fileRef = F93FD7F42F3A61B00009322A /* BeanDetailView.swift */; };
/* End PBXBuildFile section */

/* Begin PBXFileReference section */
		00B78D46303D1E4D38BEB631 /* CoffeeJournal.entitlements */ = {isa = PBXFileReference; includeInIndex = 1; lastKnownFileType = text.plist.entitlements; path = CoffeeJournal/CoffeeJournal.entitlements; sourceTree = "<group>"; };
		014FFB2DA26C4B6B8A779504 /* BeanRow.swift */ = {isa = PBXFileReference; includeInIndex = 1; lastKnownFileType = sourcecode.swift; name = BeanRow.swift; path = CoffeeJournal/Views/Beans/BeanRow.swift; sourceTree = "<group>"; };
		08E8293CAE4B037A0915CE21 /* TastingNoteEntryView.swift */ = {isa = PBXFileReference; includeInIndex = 1; lastKnownFileType = sourcecode.swift; name = TastingNoteEntryView.swift; path = CoffeeJournal/Views/Tasting/TastingNoteEntryView.swift; sourceTree = "<group>"; };
		099E721499955159C235059F /* NetworkMonitor.swift */ = {isa = PBXFileReference; includeInIndex = 1; lastKnownFileType = sourcecode.swift; name = NetworkMonitor.swift; path = CoffeeJournal/Services/NetworkMonitor.swift; sourceTree = "<group>"; };
		11191DF7658ECF46018DA633 /* TastingNoteViewModel.swift */ = {isa = PBXFileReference; includeInIndex = 1; lastKnownFileType = sourcecode.swift; name = TastingNoteViewModel.swift; path = CoffeeJournal/ViewModels/TastingNoteViewModel.swift; sourceTree = "<group>"; };
		14366588D5B5125A73E229BE /* Foundation.framework */ = {isa = PBXFileReference; lastKnownFileType = wrapper.framework; name = Foundation.framework; path = Platforms/iPhoneOS.platform/Developer/SDKs/iPhoneOS18.0.sdk/System/Library/Frameworks/Foundation.framework; sourceTree = DEVELOPER_DIR; };
		14DB8BC64E9A1BA324750B4E /* FlavorWheelView.swift */ = {isa = PBXFileReference; includeInIndex = 1; lastKnownFileType = sourcecode.swift; name = FlavorWheelView.swift; path = CoffeeJournal/Views/Tasting/FlavorWheelView.swift; sourceTree = "<group>"; };
		1BDFE5D8B70148F2 /* TastingNote.swift */ = {isa = PBXFileReference; lastKnownFileType = sourcecode.swift; path = TastingNote.swift; sourceTree = "<group>"; };
		1FF05D91D4DB49D7 /* MethodCategory.swift */ = {isa = PBXFileReference; lastKnownFileType = sourcecode.swift; path = MethodCategory.swift; sourceTree = "<group>"; };
		220FEE4DBA4815598D2B30B6 /* BrewStepGuideView.swift */ = {isa = PBXFileReference; includeInIndex = 1; lastKnownFileType = sourcecode.swift; name = BrewStepGuideView.swift; path = CoffeeJournal/Views/Brewing/BrewStepGuideView.swift; sourceTree = "<group>"; };
		232D9ACF1EFC32A5EBB4DFFF /* SyncStatusView.swift */ = {isa = PBXFileReference; includeInIndex = 1; lastKnownFileType = sourcecode.swift; name = SyncStatusView.swift; path = CoffeeJournal/Views/Components/SyncStatusView.swift; sourceTree = "<group>"; };
		28835F6529C54E9F /* ContentView.swift */ = {isa = PBXFileReference; lastKnownFileType = sourcecode.swift; path = ContentView.swift; sourceTree = "<group>"; };
		3ADA646FE5FCB43C2561F54B /* FreshnessCalculator.swift */ = {isa = PBXFileReference; includeInIndex = 1; lastKnownFileType = sourcecode.swift; name = FreshnessCalculator.swift; path = CoffeeJournal/Utilities/FreshnessCalculator.swift; sourceTree = "<group>"; };
		3E81B81B5B851FB1577073F2 /* FlavorProfileView.swift */ = {isa = PBXFileReference; includeInIndex = 1; lastKnownFileType = sourcecode.swift; name = FlavorProfileView.swift; path = CoffeeJournal/Views/Tasting/FlavorProfileView.swift; sourceTree = "<group>"; };
		4855878F441948B3 /* BrewLog.swift */ = {isa = PBXFileReference; lastKnownFileType = sourcecode.swift; path = BrewLog.swift; sourceTree = "<group>"; };
		51C0C689074F4DD9 /* CoffeeBean.swift */ = {isa = PBXFileReference; lastKnownFileType = sourcecode.swift; path = CoffeeBean.swift; sourceTree = "<group>"; };
		57F5BDF145E168A949FB613C /* StarRatingView.swift */ = {isa = PBXFileReference; includeInIndex = 1; lastKnownFileType = sourcecode.swift; name = StarRatingView.swift; path = CoffeeJournal/Views/Components/StarRatingView.swift; sourceTree = "<group>"; };
		583CADBB699967F37724C44B /* BeanDetailView.swift */ = {isa = PBXFileReference; includeInIndex = 1; lastKnownFileType = sourcecode.swift; name = BeanDetailView.swift; path = CoffeeJournal/Views/Beans/BeanDetailView.swift; sourceTree = "<group>"; };
		583E59E7C49B7DB63A561769 /* FlowLayout.swift */ = {isa = PBXFileReference; includeInIndex = 1; lastKnownFileType = sourcecode.swift; name = FlowLayout.swift; path = CoffeeJournal/Utilities/FlowLayout.swift; sourceTree = "<group>"; };
		59A3F3B1D28442E1 /* MethodTemplate.swift */ = {isa = PBXFileReference; lastKnownFileType = sourcecode.swift; path = MethodTemplate.swift; sourceTree = "<group>"; };
		643684D30DF8FD245AB070D6 /* AddBeanView.swift */ = {isa = PBXFileReference; includeInIndex = 1; lastKnownFileType = sourcecode.swift; name = AddBeanView.swift; path = CoffeeJournal/Views/Beans/AddBeanView.swift; sourceTree = "<group>"; };
		6495D6C497ADB554A6FAF342 /* BrewLogDetailView.swift */ = {isa = PBXFileReference; includeInIndex = 1; lastKnownFileType = sourcecode.swift; name = BrewLogDetailView.swift; path = CoffeeJournal/Views/Brewing/BrewLogDetailView.swift; sourceTree = "<group>"; };
		6A2383C59E886044D05CB816 /* AttributeSliderView.swift */ = {isa = PBXFileReference; includeInIndex = 1; lastKnownFileType = sourcecode.swift; name = AttributeSliderView.swift; path = CoffeeJournal/Views/Tasting/AttributeSliderView.swift; sourceTree = "<group>"; };
		7394808331836AD2CE4C62B2 /* BrewTimerView.swift */ = {isa = PBXFileReference; includeInIndex = 1; lastKnownFileType = sourcecode.swift; name = BrewTimerView.swift; path = CoffeeJournal/Views/Brewing/BrewTimerView.swift; sourceTree = "<group>"; };
		774C71094AD5404D /* SchemaV1.swift */ = {isa = PBXFileReference; lastKnownFileType = sourcecode.swift; path = SchemaV1.swift; sourceTree = "<group>"; };
		7B68E1C3C4A7A546FCB54B2C /* SetupWizardView.swift */ = {isa = PBXFileReference; includeInIndex = 1; lastKnownFileType = sourcecode.swift; name = SetupWizardView.swift; path = CoffeeJournal/Views/Setup/SetupWizardView.swift; sourceTree = "<group>"; };
		834E68B8BC14C4387DEB0F7E /* MainTabView.swift */ = {isa = PBXFileReference; includeInIndex = 1; lastKnownFileType = sourcecode.swift; name = MainTabView.swift; path = CoffeeJournal/Views/MainTabView.swift; sourceTree = "<group>"; };
		8A16D77223A6EBF512F8A3FA /* BrewLogListView.swift */ = {isa = PBXFileReference; includeInIndex = 1; lastKnownFileType = sourcecode.swift; name = BrewLogListView.swift; path = CoffeeJournal/Views/Brewing/BrewLogListView.swift; sourceTree = "<group>"; };
		91F5A161AEFE43D3 /* Grinder.swift */ = {isa = PBXFileReference; lastKnownFileType = sourcecode.swift; path = Grinder.swift; sourceTree = "<group>"; };
		A941563CDE4C692D6540F903 /* BrewFilterSheet.swift */ = {isa = PBXFileReference; includeInIndex = 1; lastKnownFileType = sourcecode.swift; name = BrewFilterSheet.swift; path = CoffeeJournal/Views/History/BrewFilterSheet.swift; sourceTree = "<group>"; };
		AC39C5E3DBFE72A185ACCC14 /* ProcessingMethod.swift */ = {isa = PBXFileReference; includeInIndex = 1; lastKnownFileType = sourcecode.swift; name = ProcessingMethod.swift; path = CoffeeJournal/Models/ProcessingMethod.swift; sourceTree = "<group>"; };
		B2436F912F5FE42AC4FF6B1A /* RoastLevel.swift */ = {isa = PBXFileReference; includeInIndex = 1; lastKnownFileType = sourcecode.swift; name = RoastLevel.swift; path = CoffeeJournal/Models/RoastLevel.swift; sourceTree = "<group>"; };
		B4509551441EFD3582D6F22F /* BrewLogViewModel.swift */ = {isa = PBXFileReference; includeInIndex = 1; lastKnownFileType = sourcecode.swift; name = BrewLogViewModel.swift; path = CoffeeJournal/ViewModels/BrewLogViewModel.swift; sourceTree = "<group>"; };
		B59C7EB1A962B1E4F323122D /* BeanListView.swift */ = {isa = PBXFileReference; includeInIndex = 1; lastKnownFileType = sourcecode.swift; name = BeanListView.swift; path = CoffeeJournal/Views/Beans/BeanListView.swift; sourceTree = "<group>"; };
		B6C0E8EC351431F2A6AD4BCC /* ScanResultReviewView.swift */ = {isa = PBXFileReference; includeInIndex = 1; lastKnownFileType = sourcecode.swift; name = ScanResultReviewView.swift; path = CoffeeJournal/Views/Scanner/ScanResultReviewView.swift; sourceTree = "<group>"; };
		BA43B6C37F11E6A02C6E49BB /* BrewComparisonView.swift */ = {isa = PBXFileReference; includeInIndex = 1; lastKnownFileType = sourcecode.swift; name = BrewComparisonView.swift; path = CoffeeJournal/Views/Tasting/BrewComparisonView.swift; sourceTree = "<group>"; };
		BB100001BB100001 /* MonochromeStyle.swift */ = {isa = PBXFileReference; lastKnownFileType = sourcecode.swift; path = MonochromeStyle.swift; sourceTree = "<group>"; };
		BB100002BB100002 /* EmptyStateView.swift */ = {isa = PBXFileReference; lastKnownFileType = sourcecode.swift; path = EmptyStateView.swift; sourceTree = "<group>"; };
		BB100003BB100003 /* EquipmentRow.swift */ = {isa = PBXFileReference; lastKnownFileType = sourcecode.swift; path = EquipmentRow.swift; sourceTree = "<group>"; };
		BB100004BB100004 /* ImageCompressor.swift */ = {isa = PBXFileReference; lastKnownFileType = sourcecode.swift; path = ImageCompressor.swift; sourceTree = "<group>"; };
		BB100005BB100005 /* AppStorageKeys.swift */ = {isa = PBXFileReference; lastKnownFileType = sourcecode.swift; path = AppStorageKeys.swift; sourceTree = "<group>"; };
		BB541A864E7F7C731601FB97 /* BagScannerView.swift */ = {isa = PBXFileReference; includeInIndex = 1; lastKnownFileType = sourcecode.swift; name = BagScannerView.swift; path = CoffeeJournal/Views/Scanner/BagScannerView.swift; sourceTree = "<group>"; };
		C267B644831A545872F517B9 /* FlavorWheel.swift */ = {isa = PBXFileReference; includeInIndex = 1; lastKnownFileType = sourcecode.swift; name = FlavorWheel.swift; path = CoffeeJournal/Models/FlavorWheel.swift; sourceTree = "<group>"; };
		CD9B8A943C7499703D46828B /* BagLabelParser.swift */ = {isa = PBXFileReference; includeInIndex = 1; lastKnownFileType = sourcecode.swift; name = BagLabelParser.swift; path = CoffeeJournal/Utilities/BagLabelParser.swift; sourceTree = "<group>"; };
		CFB4A5F277759EB94453DE6B /* SyncMonitor.swift */ = {isa = PBXFileReference; includeInIndex = 1; lastKnownFileType = sourcecode.swift; name = SyncMonitor.swift; path = CoffeeJournal/Services/SyncMonitor.swift; sourceTree = "<group>"; };
		D059234F1C99CA8A88B7636C /* BrewLogRow.swift */ = {isa = PBXFileReference; includeInIndex = 1; lastKnownFileType = sourcecode.swift; name = BrewLogRow.swift; path = CoffeeJournal/Views/Brewing/BrewLogRow.swift; sourceTree = "<group>"; };
		D09E04E786C944E3 /* MigrationPlan.swift */ = {isa = PBXFileReference; lastKnownFileType = sourcecode.swift; path = MigrationPlan.swift; sourceTree = "<group>"; };
		D2814EFA61DF81FDB739F927 /* BrewStepTemplates.swift */ = {isa = PBXFileReference; includeInIndex = 1; lastKnownFileType = sourcecode.swift; name = BrewStepTemplates.swift; path = CoffeeJournal/Utilities/BrewStepTemplates.swift; sourceTree = "<group>"; };
		DB97BACF80DA36C5C1B42EBE /* SpiderChartView.swift */ = {isa = PBXFileReference; includeInIndex = 1; lastKnownFileType = sourcecode.swift; name = SpiderChartView.swift; path = CoffeeJournal/Views/Tasting/SpiderChartView.swift; sourceTree = "<group>"; };
		DD200001DD200001 /* SetupWizardViewModel.swift */ = {isa = PBXFileReference; lastKnownFileType = sourcecode.swift; path = SetupWizardViewModel.swift; sourceTree = "<group>"; };
		DD300001DD300001 /* MethodListView.swift */ = {isa = PBXFileReference; lastKnownFileType = sourcecode.swift; path = MethodListView.swift; sourceTree = "<group>"; };
		DD300002DD300002 /* AddMethodView.swift */ = {isa = PBXFileReference; lastKnownFileType = sourcecode.swift; path = AddMethodView.swift; sourceTree = "<group>"; };
		DD300003DD300003 /* GrinderListView.swift */ = {isa = PBXFileReference; lastKnownFileType = sourcecode.swift; path = GrinderListView.swift; sourceTree = "<group>"; };
		DD300004DD300004 /* AddGrinderView.swift */ = {isa = PBXFileReference; lastKnownFileType = sourcecode.swift; path = AddGrinderView.swift; sourceTree = "<group>"; };
		DD400002DD400002 /* WelcomeStepView.swift */ = {isa = PBXFileReference; lastKnownFileType = sourcecode.swift; path = WelcomeStepView.swift; sourceTree = "<group>"; };
		DD400003DD400003 /* MethodSelectionView.swift */ = {isa = PBXFileReference; lastKnownFileType = sourcecode.swift; path = MethodSelectionView.swift; sourceTree = "<group>"; };
		DD400004DD400004 /* GrinderEntryView.swift */ = {isa = PBXFileReference; lastKnownFileType = sourcecode.swift; path = GrinderEntryView.swift; sourceTree = "<group>"; };
		DD400005DD400005 /* SetupCompleteView.swift */ = {isa = PBXFileReference; lastKnownFileType = sourcecode.swift; path = SetupCompleteView.swift; sourceTree = "<group>"; };
		DD500001DD500001 /* MethodDetailView.swift */ = {isa = PBXFileReference; lastKnownFileType = sourcecode.swift; path = MethodDetailView.swift; sourceTree = "<group>"; };
		DD500002DD500002 /* GrinderDetailView.swift */ = {isa = PBXFileReference; lastKnownFileType = sourcecode.swift; path = GrinderDetailView.swift; sourceTree = "<group>"; };
		DD500003DD500003 /* EquipmentPhotoPickerView.swift */ = {isa = PBXFileReference; lastKnownFileType = sourcecode.swift; path = EquipmentPhotoPickerView.swift; sourceTree = "<group>"; };
		DD600002DD600002 /* SettingsView.swift */ = {isa = PBXFileReference; lastKnownFileType = sourcecode.swift; path = SettingsView.swift; sourceTree = "<group>"; };
		E340F0D707FFC301F9549D58 /* StatisticsDashboardView.swift */ = {isa = PBXFileReference; includeInIndex = 1; lastKnownFileType = sourcecode.swift; name = StatisticsDashboardView.swift; path = CoffeeJournal/Views/History/StatisticsDashboardView.swift; sourceTree = "<group>"; };
		E40163B2BA83D83F734CD147 /* AddBrewLogView.swift */ = {isa = PBXFileReference; includeInIndex = 1; lastKnownFileType = sourcecode.swift; name = AddBrewLogView.swift; path = CoffeeJournal/Views/Brewing/AddBrewLogView.swift; sourceTree = "<group>"; };
		E470DF322519F0065469A3CD /* FreshnessIndicatorView.swift */ = {isa = PBXFileReference; includeInIndex = 1; lastKnownFileType = sourcecode.swift; name = FreshnessIndicatorView.swift; path = CoffeeJournal/Views/Beans/FreshnessIndicatorView.swift; sourceTree = "<group>"; };
		E5E4D73FDE65A061C9AE33CB /* CoffeeJournal.app */ = {isa = PBXFileReference; explicitFileType = wrapper.application; includeInIndex = 0; path = CoffeeJournal.app; sourceTree = BUILT_PRODUCTS_DIR; };
		EC93D345EF06CC8BC6BC7D52 /* FlavorTagFlowView.swift */ = {isa = PBXFileReference; includeInIndex = 1; lastKnownFileType = sourcecode.swift; name = FlavorTagFlowView.swift; path = CoffeeJournal/Views/Tasting/FlavorTagFlowView.swift; sourceTree = "<group>"; };
		EE64E86DD6A84C13 /* BrewMethod.swift */ = {isa = PBXFileReference; lastKnownFileType = sourcecode.swift; path = BrewMethod.swift; sourceTree = "<group>"; };
		F5CAFB78E95C45AD /* CoffeeJournalApp.swift */ = {isa = PBXFileReference; lastKnownFileType = sourcecode.swift; path = CoffeeJournalApp.swift; sourceTree = "<group>"; };
		F6C67BC12CA1418C /* GrinderType.swift */ = {isa = PBXFileReference; lastKnownFileType = sourcecode.swift; path = GrinderType.swift; sourceTree = "<group>"; };
		F6F77C01FAE13CE97AF82F53 /* BrewHistoryListContent.swift */ = {isa = PBXFileReference; includeInIndex = 1; lastKnownFileType = sourcecode.swift; name = BrewHistoryListContent.swift; path = CoffeeJournal/Views/History/BrewHistoryListContent.swift; sourceTree = "<group>"; };
		F93FD7D52F3A61B00009322A /* Info.plist */ = {isa = PBXFileReference; lastKnownFileType = text.plist.xml; path = Info.plist; sourceTree = "<group>"; };
		F93FD7D62F3A61B00009322A /* MigrationPlan.swift */ = {isa = PBXFileReference; lastKnownFileType = sourcecode.swift; path = MigrationPlan.swift; sourceTree = "<group>"; };
		F93FD7D72F3A61B00009322A /* SchemaV1.swift */ = {isa = PBXFileReference; lastKnownFileType = sourcecode.swift; path = SchemaV1.swift; sourceTree = "<group>"; };
		F93FD7D92F3A61B00009322A /* BrewLog.swift */ = {isa = PBXFileReference; lastKnownFileType = sourcecode.swift; path = BrewLog.swift; sourceTree = "<group>"; };
		F93FD7DA2F3A61B00009322A /* BrewMethod.swift */ = {isa = PBXFileReference; lastKnownFileType = sourcecode.swift; path = BrewMethod.swift; sourceTree = "<group>"; };
		F93FD7DB2F3A61B00009322A /* CoffeeBean.swift */ = {isa = PBXFileReference; lastKnownFileType = sourcecode.swift; path = CoffeeBean.swift; sourceTree = "<group>"; };
		F93FD7DC2F3A61B00009322A /* FlavorWheel.swift */ = {isa = PBXFileReference; lastKnownFileType = sourcecode.swift; path = FlavorWheel.swift; sourceTree = "<group>"; };
		F93FD7DD2F3A61B00009322A /* Grinder.swift */ = {isa = PBXFileReference; lastKnownFileType = sourcecode.swift; path = Grinder.swift; sourceTree = "<group>"; };
		F93FD7DE2F3A61B00009322A /* GrinderType.swift */ = {isa = PBXFileReference; lastKnownFileType = sourcecode.swift; path = GrinderType.swift; sourceTree = "<group>"; };
		F93FD7DF2F3A61B00009322A /* MethodCategory.swift */ = {isa = PBXFileReference; lastKnownFileType = sourcecode.swift; path = MethodCategory.swift; sourceTree = "<group>"; };
		F93FD7E02F3A61B00009322A /* MethodTemplate.swift */ = {isa = PBXFileReference; lastKnownFileType = sourcecode.swift; path = MethodTemplate.swift; sourceTree = "<group>"; };
		F93FD7E12F3A61B00009322A /* ProcessingMethod.swift */ = {isa = PBXFileReference; lastKnownFileType = sourcecode.swift; path = ProcessingMethod.swift; sourceTree = "<group>"; };
		F93FD7E22F3A61B00009322A /* RoastLevel.swift */ = {isa = PBXFileReference; lastKnownFileType = sourcecode.swift; path = RoastLevel.swift; sourceTree = "<group>"; };
		F93FD7E32F3A61B00009322A /* TastingNote.swift */ = {isa = PBXFileReference; lastKnownFileType = sourcecode.swift; path = TastingNote.swift; sourceTree = "<group>"; };
		F93FD7E52F3A61B00009322A /* NetworkMonitor.swift */ = {isa = PBXFileReference; lastKnownFileType = sourcecode.swift; path = NetworkMonitor.swift; sourceTree = "<group>"; };
		F93FD7E62F3A61B00009322A /* SyncMonitor.swift */ = {isa = PBXFileReference; lastKnownFileType = sourcecode.swift; path = SyncMonitor.swift; sourceTree = "<group>"; };
		F93FD7E82F3A61B00009322A /* AppStorageKeys.swift */ = {isa = PBXFileReference; lastKnownFileType = sourcecode.swift; path = AppStorageKeys.swift; sourceTree = "<group>"; };
		F93FD7E92F3A61B00009322A /* BagLabelParser.swift */ = {isa = PBXFileReference; lastKnownFileType = sourcecode.swift; path = BagLabelParser.swift; sourceTree = "<group>"; };
		F93FD7EA2F3A61B00009322A /* BrewStepTemplates.swift */ = {isa = PBXFileReference; lastKnownFileType = sourcecode.swift; path = BrewStepTemplates.swift; sourceTree = "<group>"; };
		F93FD7EB2F3A61B00009322A /* FlowLayout.swift */ = {isa = PBXFileReference; lastKnownFileType = sourcecode.swift; path = FlowLayout.swift; sourceTree = "<group>"; };
		F93FD7EC2F3A61B00009322A /* FreshnessCalculator.swift */ = {isa = PBXFileReference; lastKnownFileType = sourcecode.swift; path = FreshnessCalculator.swift; sourceTree = "<group>"; };
		F93FD7ED2F3A61B00009322A /* ImageCompressor.swift */ = {isa = PBXFileReference; lastKnownFileType = sourcecode.swift; path = ImageCompressor.swift; sourceTree = "<group>"; };
		F93FD7EF2F3A61B00009322A /* BrewLogViewModel.swift */ = {isa = PBXFileReference; lastKnownFileType = sourcecode.swift; path = BrewLogViewModel.swift; sourceTree = "<group>"; };
		F93FD7F02F3A61B00009322A /* SetupWizardViewModel.swift */ = {isa = PBXFileReference; lastKnownFileType = sourcecode.swift; path = SetupWizardViewModel.swift; sourceTree = "<group>"; };
		F93FD7F12F3A61B00009322A /* TastingNoteViewModel.swift */ = {isa = PBXFileReference; lastKnownFileType = sourcecode.swift; path = TastingNoteViewModel.swift; sourceTree = "<group>"; };
		F93FD7F32F3A61B00009322A /* AddBeanView.swift */ = {isa = PBXFileReference; lastKnownFileType = sourcecode.swift; path = AddBeanView.swift; sourceTree = "<group>"; };
		F93FD7F42F3A61B00009322A /* BeanDetailView.swift */ = {isa = PBXFileReference; lastKnownFileType = sourcecode.swift; path = BeanDetailView.swift; sourceTree = "<group>"; };
		F93FD7F52F3A61B00009322A /* BeanListView.swift */ = {isa = PBXFileReference; lastKnownFileType = sourcecode.swift; path = BeanListView.swift; sourceTree = "<group>"; };
		F93FD7F62F3A61B00009322A /* BeanRow.swift */ = {isa = PBXFileReference; lastKnownFileType = sourcecode.swift; path = BeanRow.swift; sourceTree = "<group>"; };
		F93FD7F72F3A61B00009322A /* FreshnessIndicatorView.swift */ = {isa = PBXFileReference; lastKnownFileType = sourcecode.swift; path = FreshnessIndicatorView.swift; sourceTree = "<group>"; };
		F93FD7F92F3A61B00009322A /* AddBrewLogView.swift */ = {isa = PBXFileReference; lastKnownFileType = sourcecode.swift; path = AddBrewLogView.swift; sourceTree = "<group>"; };
		F93FD7FA2F3A61B00009322A /* BrewLogDetailView.swift */ = {isa = PBXFileReference; lastKnownFileType = sourcecode.swift; path = BrewLogDetailView.swift; sourceTree = "<group>"; };
		F93FD7FB2F3A61B00009322A /* BrewLogListView.swift */ = {isa = PBXFileReference; lastKnownFileType = sourcecode.swift; path = BrewLogListView.swift; sourceTree = "<group>"; };
		F93FD7FC2F3A61B00009322A /* BrewLogRow.swift */ = {isa = PBXFileReference; lastKnownFileType = sourcecode.swift; path = BrewLogRow.swift; sourceTree = "<group>"; };
		F93FD7FD2F3A61B00009322A /* BrewStepGuideView.swift */ = {isa = PBXFileReference; lastKnownFileType = sourcecode.swift; path = BrewStepGuideView.swift; sourceTree = "<group>"; };
		F93FD7FE2F3A61B00009322A /* BrewTimerView.swift */ = {isa = PBXFileReference; lastKnownFileType = sourcecode.swift; path = BrewTimerView.swift; sourceTree = "<group>"; };
		F93FD8002F3A61B00009322A /* EmptyStateView.swift */ = {isa = PBXFileReference; lastKnownFileType = sourcecode.swift; path = EmptyStateView.swift; sourceTree = "<group>"; };
		F93FD8012F3A61B00009322A /* EquipmentRow.swift */ = {isa = PBXFileReference; lastKnownFileType = sourcecode.swift; path = EquipmentRow.swift; sourceTree = "<group>"; };
		F93FD8022F3A61B00009322A /* MonochromeStyle.swift */ = {isa = PBXFileReference; lastKnownFileType = sourcecode.swift; path = MonochromeStyle.swift; sourceTree = "<group>"; };
		F93FD8032F3A61B00009322A /* StarRatingView.swift */ = {isa = PBXFileReference; lastKnownFileType = sourcecode.swift; path = StarRatingView.swift; sourceTree = "<group>"; };
		F93FD8042F3A61B00009322A /* SyncStatusView.swift */ = {isa = PBXFileReference; lastKnownFileType = sourcecode.swift; path = SyncStatusView.swift; sourceTree = "<group>"; };
		F93FD8062F3A61B00009322A /* AddGrinderView.swift */ = {isa = PBXFileReference; lastKnownFileType = sourcecode.swift; path = AddGrinderView.swift; sourceTree = "<group>"; };
		F93FD8072F3A61B00009322A /* AddMethodView.swift */ = {isa = PBXFileReference; lastKnownFileType = sourcecode.swift; path = AddMethodView.swift; sourceTree = "<group>"; };
		F93FD8082F3A61B00009322A /* EquipmentPhotoPickerView.swift */ = {isa = PBXFileReference; lastKnownFileType = sourcecode.swift; path = EquipmentPhotoPickerView.swift; sourceTree = "<group>"; };
		F93FD8092F3A61B00009322A /* GrinderDetailView.swift */ = {isa = PBXFileReference; lastKnownFileType = sourcecode.swift; path = GrinderDetailView.swift; sourceTree = "<group>"; };
		F93FD80A2F3A61B00009322A /* GrinderListView.swift */ = {isa = PBXFileReference; lastKnownFileType = sourcecode.swift; path = GrinderListView.swift; sourceTree = "<group>"; };
		F93FD80B2F3A61B00009322A /* MethodDetailView.swift */ = {isa = PBXFileReference; lastKnownFileType = sourcecode.swift; path = MethodDetailView.swift; sourceTree = "<group>"; };
		F93FD80C2F3A61B00009322A /* MethodListView.swift */ = {isa = PBXFileReference; lastKnownFileType = sourcecode.swift; path = MethodListView.swift; sourceTree = "<group>"; };
		F93FD80E2F3A61B00009322A /* BrewFilterSheet.swift */ = {isa = PBXFileReference; lastKnownFileType = sourcecode.swift; path = BrewFilterSheet.swift; sourceTree = "<group>"; };
		F93FD80F2F3A61B00009322A /* BrewHistoryListContent.swift */ = {isa = PBXFileReference; lastKnownFileType = sourcecode.swift; path = BrewHistoryListContent.swift; sourceTree = "<group>"; };
		F93FD8102F3A61B00009322A /* StatisticsDashboardView.swift */ = {isa = PBXFileReference; lastKnownFileType = sourcecode.swift; path = StatisticsDashboardView.swift; sourceTree = "<group>"; };
		F93FD8122F3A61B00009322A /* BagScannerView.swift */ = {isa = PBXFileReference; lastKnownFileType = sourcecode.swift; path = BagScannerView.swift; sourceTree = "<group>"; };
		F93FD8132F3A61B00009322A /* ScanResultReviewView.swift */ = {isa = PBXFileReference; lastKnownFileType = sourcecode.swift; path = ScanResultReviewView.swift; sourceTree = "<group>"; };
		F93FD8152F3A61B00009322A /* SettingsView.swift */ = {isa = PBXFileReference; lastKnownFileType = sourcecode.swift; path = SettingsView.swift; sourceTree = "<group>"; };
		F93FD8172F3A61B00009322A /* GrinderEntryView.swift */ = {isa = PBXFileReference; lastKnownFileType = sourcecode.swift; path = GrinderEntryView.swift; sourceTree = "<group>"; };
		F93FD8182F3A61B00009322A /* MethodSelectionView.swift */ = {isa = PBXFileReference; lastKnownFileType = sourcecode.swift; path = MethodSelectionView.swift; sourceTree = "<group>"; };
		F93FD8192F3A61B00009322A /* SetupCompleteView.swift */ = {isa = PBXFileReference; lastKnownFileType = sourcecode.swift; path = SetupCompleteView.swift; sourceTree = "<group>"; };
		F93FD81A2F3A61B00009322A /* SetupWizardView.swift */ = {isa = PBXFileReference; lastKnownFileType = sourcecode.swift; path = SetupWizardView.swift; sourceTree = "<group>"; };
		F93FD81B2F3A61B00009322A /* WelcomeStepView.swift */ = {isa = PBXFileReference; lastKnownFileType = sourcecode.swift; path = WelcomeStepView.swift; sourceTree = "<group>"; };
		F93FD81D2F3A61B00009322A /* AttributeSliderView.swift */ = {isa = PBXFileReference; lastKnownFileType = sourcecode.swift; path = AttributeSliderView.swift; sourceTree = "<group>"; };
		F93FD81E2F3A61B00009322A /* BrewComparisonView.swift */ = {isa = PBXFileReference; lastKnownFileType = sourcecode.swift; path = BrewComparisonView.swift; sourceTree = "<group>"; };
		F93FD81F2F3A61B00009322A /* FlavorProfileView.swift */ = {isa = PBXFileReference; lastKnownFileType = sourcecode.swift; path = FlavorProfileView.swift; sourceTree = "<group>"; };
		F93FD8202F3A61B00009322A /* FlavorTagChipView.swift */ = {isa = PBXFileReference; lastKnownFileType = sourcecode.swift; path = FlavorTagChipView.swift; sourceTree = "<group>"; };
		F93FD8212F3A61B00009322A /* FlavorTagFlowView.swift */ = {isa = PBXFileReference; lastKnownFileType = sourcecode.swift; path = FlavorTagFlowView.swift; sourceTree = "<group>"; };
		F93FD8222F3A61B00009322A /* FlavorWheelView.swift */ = {isa = PBXFileReference; lastKnownFileType = sourcecode.swift; path = FlavorWheelView.swift; sourceTree = "<group>"; };
		F93FD8232F3A61B00009322A /* SpiderChartView.swift */ = {isa = PBXFileReference; lastKnownFileType = sourcecode.swift; path = SpiderChartView.swift; sourceTree = "<group>"; };
		F93FD8242F3A61B00009322A /* TastingNoteEntryView.swift */ = {isa = PBXFileReference; lastKnownFileType = sourcecode.swift; path = TastingNoteEntryView.swift; sourceTree = "<group>"; };
		F93FD8262F3A61B00009322A /* MainTabView.swift */ = {isa = PBXFileReference; lastKnownFileType = sourcecode.swift; path = MainTabView.swift; sourceTree = "<group>"; };
		F93FD9022F3A705C0009322A /* CoffeeJournalRelease.entitlements */ = {isa = PBXFileReference; lastKnownFileType = text.plist.entitlements; path = CoffeeJournalRelease.entitlements; sourceTree = "<group>"; };
		FE673B250EB6C64EB09B7050 /* FlavorTagChipView.swift */ = {isa = PBXFileReference; includeInIndex = 1; lastKnownFileType = sourcecode.swift; name = FlavorTagChipView.swift; path = CoffeeJournal/Views/Tasting/FlavorTagChipView.swift; sourceTree = "<group>"; };
/* End PBXFileReference section */

/* Begin PBXFrameworksBuildPhase section */
		5EE1F179BC2CC1161104D61C /* Frameworks */ = {
			isa = PBXFrameworksBuildPhase;
			buildActionMask = 2147483647;
			files = (
				E12E497FFA5D953F829AA396 /* Foundation.framework in Frameworks */,
			);
			runOnlyForDeploymentPostprocessing = 0;
		};
/* End PBXFrameworksBuildPhase section */

/* Begin PBXGroup section */
		0D0D707461489AE51D67ED07 /* Frameworks */ = {
			isa = PBXGroup;
			children = (
				A4C227D9FD5E527E6AAD15B8 /* iOS */,
			);
			name = Frameworks;
			sourceTree = "<group>";
		};
		2A110F0444F64FDD /* Models */ = {
			isa = PBXGroup;
			children = (
				1FF05D91D4DB49D7 /* MethodCategory.swift */,
				F6C67BC12CA1418C /* GrinderType.swift */,
				59A3F3B1D28442E1 /* MethodTemplate.swift */,
				EE64E86DD6A84C13 /* BrewMethod.swift */,
				91F5A161AEFE43D3 /* Grinder.swift */,
				51C0C689074F4DD9 /* CoffeeBean.swift */,
				4855878F441948B3 /* BrewLog.swift */,
				1BDFE5D8B70148F2 /* TastingNote.swift */,
				C19B8FC2A7054CE4 /* Schema */,
			);
			path = Models;
			sourceTree = "<group>";
		};
		32312D707D2F41478 /* Utilities */ = {
			isa = PBXGroup;
			children = (
				BB100004BB100004 /* ImageCompressor.swift */,
				BB100005BB100005 /* AppStorageKeys.swift */,
			);
			path = Utilities;
			sourceTree = "<group>";
		};
		4D19A6222C704378 /* CoffeeJournal */ = {
			isa = PBXGroup;
			children = (
				F93FD9022F3A705C0009322A /* CoffeeJournalRelease.entitlements */,
				F93FD7D52F3A61B00009322A /* Info.plist */,
				F93FD7E42F3A61B00009322A /* Models */,
				F93FD7E72F3A61B00009322A /* Services */,
				F93FD7EE2F3A61B00009322A /* Utilities */,
				F93FD7F22F3A61B00009322A /* ViewModels */,
				F93FD8272F3A61B00009322A /* Views */,
				F5CAFB78E95C45AD /* CoffeeJournalApp.swift */,
				28835F6529C54E9F /* ContentView.swift */,
				2A110F0444F64FDD /* Models */,
				9ED56D77D9FD4B5D /* Views */,
				EE200001EE200001 /* ViewModels */,
				32312D707D2F41478 /* Utilities */,
				00B78D46303D1E4D38BEB631 /* CoffeeJournal.entitlements */,
			);
			path = CoffeeJournal;
			sourceTree = "<group>";
		};
		77BCD03B956B4346 = {
			isa = PBXGroup;
			children = (
				4D19A6222C704378 /* CoffeeJournal */,
				CFB4A5F277759EB94453DE6B /* SyncMonitor.swift */,
				099E721499955159C235059F /* NetworkMonitor.swift */,
				232D9ACF1EFC32A5EBB4DFFF /* SyncStatusView.swift */,
				C267B644831A545872F517B9 /* FlavorWheel.swift */,
				AC39C5E3DBFE72A185ACCC14 /* ProcessingMethod.swift */,
				B2436F912F5FE42AC4FF6B1A /* RoastLevel.swift */,
				CD9B8A943C7499703D46828B /* BagLabelParser.swift */,
				D2814EFA61DF81FDB739F927 /* BrewStepTemplates.swift */,
				583E59E7C49B7DB63A561769 /* FlowLayout.swift */,
				3ADA646FE5FCB43C2561F54B /* FreshnessCalculator.swift */,
				B4509551441EFD3582D6F22F /* BrewLogViewModel.swift */,
				11191DF7658ECF46018DA633 /* TastingNoteViewModel.swift */,
				643684D30DF8FD245AB070D6 /* AddBeanView.swift */,
				583CADBB699967F37724C44B /* BeanDetailView.swift */,
				B59C7EB1A962B1E4F323122D /* BeanListView.swift */,
				014FFB2DA26C4B6B8A779504 /* BeanRow.swift */,
				E470DF322519F0065469A3CD /* FreshnessIndicatorView.swift */,
				E40163B2BA83D83F734CD147 /* AddBrewLogView.swift */,
				6495D6C497ADB554A6FAF342 /* BrewLogDetailView.swift */,
				8A16D77223A6EBF512F8A3FA /* BrewLogListView.swift */,
				D059234F1C99CA8A88B7636C /* BrewLogRow.swift */,
				220FEE4DBA4815598D2B30B6 /* BrewStepGuideView.swift */,
				7394808331836AD2CE4C62B2 /* BrewTimerView.swift */,
				57F5BDF145E168A949FB613C /* StarRatingView.swift */,
				A941563CDE4C692D6540F903 /* BrewFilterSheet.swift */,
				F6F77C01FAE13CE97AF82F53 /* BrewHistoryListContent.swift */,
				E340F0D707FFC301F9549D58 /* StatisticsDashboardView.swift */,
				BB541A864E7F7C731601FB97 /* BagScannerView.swift */,
				B6C0E8EC351431F2A6AD4BCC /* ScanResultReviewView.swift */,
				6A2383C59E886044D05CB816 /* AttributeSliderView.swift */,
				BA43B6C37F11E6A02C6E49BB /* BrewComparisonView.swift */,
				3E81B81B5B851FB1577073F2 /* FlavorProfileView.swift */,
				FE673B250EB6C64EB09B7050 /* FlavorTagChipView.swift */,
				EC93D345EF06CC8BC6BC7D52 /* FlavorTagFlowView.swift */,
				14DB8BC64E9A1BA324750B4E /* FlavorWheelView.swift */,
				DB97BACF80DA36C5C1B42EBE /* SpiderChartView.swift */,
				08E8293CAE4B037A0915CE21 /* TastingNoteEntryView.swift */,
				834E68B8BC14C4387DEB0F7E /* MainTabView.swift */,
				7B68E1C3C4A7A546FCB54B2C /* SetupWizardView.swift */,
				E5E4D73FDE65A061C9AE33CB /* CoffeeJournal.app */,
				0D0D707461489AE51D67ED07 /* Frameworks */,
			);
			sourceTree = "<group>";
		};
		9ED56D77D9FD4B5D /* Views */ = {
			isa = PBXGroup;
			children = (
				EA648F9510D9437C /* Components */,
				FF300001FF300001 /* Equipment */,
				FF500001FF500001 /* Settings */,
				FF400001FF400001 /* Setup */,
			);
			path = Views;
			sourceTree = "<group>";
		};
		A4C227D9FD5E527E6AAD15B8 /* iOS */ = {
			isa = PBXGroup;
			children = (
				14366588D5B5125A73E229BE /* Foundation.framework */,
			);
			name = iOS;
			sourceTree = "<group>";
		};
		C19B8FC2A7054CE4 /* Schema */ = {
			isa = PBXGroup;
			children = (
				774C71094AD5404D /* SchemaV1.swift */,
				D09E04E786C944E3 /* MigrationPlan.swift */,
			);
			path = Schema;
			sourceTree = "<group>";
		};
		EA648F9510D9437C /* Components */ = {
			isa = PBXGroup;
			children = (
				BB100001BB100001 /* MonochromeStyle.swift */,
				BB100002BB100002 /* EmptyStateView.swift */,
				BB100003BB100003 /* EquipmentRow.swift */,
			);
			path = Components;
			sourceTree = "<group>";
		};
		EE200001EE200001 /* ViewModels */ = {
			isa = PBXGroup;
			children = (
				DD200001DD200001 /* SetupWizardViewModel.swift */,
			);
			path = ViewModels;
			sourceTree = "<group>";
		};
		F93FD7D82F3A61B00009322A /* Schema */ = {
			isa = PBXGroup;
			children = (
				F93FD7D62F3A61B00009322A /* MigrationPlan.swift */,
				F93FD7D72F3A61B00009322A /* SchemaV1.swift */,
			);
			path = Schema;
			sourceTree = "<group>";
		};
		F93FD7E42F3A61B00009322A /* Models */ = {
			isa = PBXGroup;
			children = (
				F93FD7D82F3A61B00009322A /* Schema */,
				F93FD7D92F3A61B00009322A /* BrewLog.swift */,
				F93FD7DA2F3A61B00009322A /* BrewMethod.swift */,
				F93FD7DB2F3A61B00009322A /* CoffeeBean.swift */,
				F93FD7DC2F3A61B00009322A /* FlavorWheel.swift */,
				F93FD7DD2F3A61B00009322A /* Grinder.swift */,
				F93FD7DE2F3A61B00009322A /* GrinderType.swift */,
				F93FD7DF2F3A61B00009322A /* MethodCategory.swift */,
				F93FD7E02F3A61B00009322A /* MethodTemplate.swift */,
				F93FD7E12F3A61B00009322A /* ProcessingMethod.swift */,
				F93FD7E22F3A61B00009322A /* RoastLevel.swift */,
				F93FD7E32F3A61B00009322A /* TastingNote.swift */,
			);
			path = Models;
			sourceTree = "<group>";
		};
		F93FD7E72F3A61B00009322A /* Services */ = {
			isa = PBXGroup;
			children = (
				F93FD7E52F3A61B00009322A /* NetworkMonitor.swift */,
				F93FD7E62F3A61B00009322A /* SyncMonitor.swift */,
			);
			path = Services;
			sourceTree = "<group>";
		};
		F93FD7EE2F3A61B00009322A /* Utilities */ = {
			isa = PBXGroup;
			children = (
				F93FD7E82F3A61B00009322A /* AppStorageKeys.swift */,
				F93FD7E92F3A61B00009322A /* BagLabelParser.swift */,
				F93FD7EA2F3A61B00009322A /* BrewStepTemplates.swift */,
				F93FD7EB2F3A61B00009322A /* FlowLayout.swift */,
				F93FD7EC2F3A61B00009322A /* FreshnessCalculator.swift */,
				F93FD7ED2F3A61B00009322A /* ImageCompressor.swift */,
			);
			path = Utilities;
			sourceTree = "<group>";
		};
		F93FD7F22F3A61B00009322A /* ViewModels */ = {
			isa = PBXGroup;
			children = (
				F93FD7EF2F3A61B00009322A /* BrewLogViewModel.swift */,
				F93FD7F02F3A61B00009322A /* SetupWizardViewModel.swift */,
				F93FD7F12F3A61B00009322A /* TastingNoteViewModel.swift */,
			);
			path = ViewModels;
			sourceTree = "<group>";
		};
		F93FD7F82F3A61B00009322A /* Beans */ = {
			isa = PBXGroup;
			children = (
				F93FD7F32F3A61B00009322A /* AddBeanView.swift */,
				F93FD7F42F3A61B00009322A /* BeanDetailView.swift */,
				F93FD7F52F3A61B00009322A /* BeanListView.swift */,
				F93FD7F62F3A61B00009322A /* BeanRow.swift */,
				F93FD7F72F3A61B00009322A /* FreshnessIndicatorView.swift */,
			);
			path = Beans;
			sourceTree = "<group>";
		};
		F93FD7FF2F3A61B00009322A /* Brewing */ = {
			isa = PBXGroup;
			children = (
				F93FD7F92F3A61B00009322A /* AddBrewLogView.swift */,
				F93FD7FA2F3A61B00009322A /* BrewLogDetailView.swift */,
				F93FD7FB2F3A61B00009322A /* BrewLogListView.swift */,
				F93FD7FC2F3A61B00009322A /* BrewLogRow.swift */,
				F93FD7FD2F3A61B00009322A /* BrewStepGuideView.swift */,
				F93FD7FE2F3A61B00009322A /* BrewTimerView.swift */,
			);
			path = Brewing;
			sourceTree = "<group>";
		};
		F93FD8052F3A61B00009322A /* Components */ = {
			isa = PBXGroup;
			children = (
				F93FD8002F3A61B00009322A /* EmptyStateView.swift */,
				F93FD8012F3A61B00009322A /* EquipmentRow.swift */,
				F93FD8022F3A61B00009322A /* MonochromeStyle.swift */,
				F93FD8032F3A61B00009322A /* StarRatingView.swift */,
				F93FD8042F3A61B00009322A /* SyncStatusView.swift */,
			);
			path = Components;
			sourceTree = "<group>";
		};
		F93FD80D2F3A61B00009322A /* Equipment */ = {
			isa = PBXGroup;
			children = (
				F93FD8062F3A61B00009322A /* AddGrinderView.swift */,
				F93FD8072F3A61B00009322A /* AddMethodView.swift */,
				F93FD8082F3A61B00009322A /* EquipmentPhotoPickerView.swift */,
				F93FD8092F3A61B00009322A /* GrinderDetailView.swift */,
				F93FD80A2F3A61B00009322A /* GrinderListView.swift */,
				F93FD80B2F3A61B00009322A /* MethodDetailView.swift */,
				F93FD80C2F3A61B00009322A /* MethodListView.swift */,
			);
			path = Equipment;
			sourceTree = "<group>";
		};
		F93FD8112F3A61B00009322A /* History */ = {
			isa = PBXGroup;
			children = (
				F93FD80E2F3A61B00009322A /* BrewFilterSheet.swift */,
				F93FD80F2F3A61B00009322A /* BrewHistoryListContent.swift */,
				F93FD8102F3A61B00009322A /* StatisticsDashboardView.swift */,
			);
			path = History;
			sourceTree = "<group>";
		};
		F93FD8142F3A61B00009322A /* Scanner */ = {
			isa = PBXGroup;
			children = (
				F93FD8122F3A61B00009322A /* BagScannerView.swift */,
				F93FD8132F3A61B00009322A /* ScanResultReviewView.swift */,
			);
			path = Scanner;
			sourceTree = "<group>";
		};
		F93FD8162F3A61B00009322A /* Settings */ = {
			isa = PBXGroup;
			children = (
				F93FD8152F3A61B00009322A /* SettingsView.swift */,
			);
			path = Settings;
			sourceTree = "<group>";
		};
		F93FD81C2F3A61B00009322A /* Setup */ = {
			isa = PBXGroup;
			children = (
				F93FD8172F3A61B00009322A /* GrinderEntryView.swift */,
				F93FD8182F3A61B00009322A /* MethodSelectionView.swift */,
				F93FD8192F3A61B00009322A /* SetupCompleteView.swift */,
				F93FD81A2F3A61B00009322A /* SetupWizardView.swift */,
				F93FD81B2F3A61B00009322A /* WelcomeStepView.swift */,
			);
			path = Setup;
			sourceTree = "<group>";
		};
		F93FD8252F3A61B00009322A /* Tasting */ = {
			isa = PBXGroup;
			children = (
				F93FD81D2F3A61B00009322A /* AttributeSliderView.swift */,
				F93FD81E2F3A61B00009322A /* BrewComparisonView.swift */,
				F93FD81F2F3A61B00009322A /* FlavorProfileView.swift */,
				F93FD8202F3A61B00009322A /* FlavorTagChipView.swift */,
				F93FD8212F3A61B00009322A /* FlavorTagFlowView.swift */,
				F93FD8222F3A61B00009322A /* FlavorWheelView.swift */,
				F93FD8232F3A61B00009322A /* SpiderChartView.swift */,
				F93FD8242F3A61B00009322A /* TastingNoteEntryView.swift */,
			);
			path = Tasting;
			sourceTree = "<group>";
		};
		F93FD8272F3A61B00009322A /* Views */ = {
			isa = PBXGroup;
			children = (
				F93FD7F82F3A61B00009322A /* Beans */,
				F93FD7FF2F3A61B00009322A /* Brewing */,
				F93FD8052F3A61B00009322A /* Components */,
				F93FD80D2F3A61B00009322A /* Equipment */,
				F93FD8112F3A61B00009322A /* History */,
				F93FD8142F3A61B00009322A /* Scanner */,
				F93FD8162F3A61B00009322A /* Settings */,
				F93FD81C2F3A61B00009322A /* Setup */,
				F93FD8252F3A61B00009322A /* Tasting */,
				F93FD8262F3A61B00009322A /* MainTabView.swift */,
			);
			path = Views;
			sourceTree = "<group>";
		};
		FF300001FF300001 /* Equipment */ = {
			isa = PBXGroup;
			children = (
				DD300001DD300001 /* MethodListView.swift */,
				DD500001DD500001 /* MethodDetailView.swift */,
				DD300002DD300002 /* AddMethodView.swift */,
				DD300003DD300003 /* GrinderListView.swift */,
				DD500002DD500002 /* GrinderDetailView.swift */,
				DD300004DD300004 /* AddGrinderView.swift */,
				DD500003DD500003 /* EquipmentPhotoPickerView.swift */,
			);
			path = Equipment;
			sourceTree = "<group>";
		};
		FF400001FF400001 /* Setup */ = {
			isa = PBXGroup;
			children = (
				DD400002DD400002 /* WelcomeStepView.swift */,
				DD400003DD400003 /* MethodSelectionView.swift */,
				DD400004DD400004 /* GrinderEntryView.swift */,
				DD400005DD400005 /* SetupCompleteView.swift */,
			);
			path = Setup;
			sourceTree = "<group>";
		};
		FF500001FF500001 /* Settings */ = {
			isa = PBXGroup;
			children = (
				DD600002DD600002 /* SettingsView.swift */,
			);
			path = Settings;
			sourceTree = "<group>";
		};
/* End PBXGroup section */

/* Begin PBXNativeTarget section */
		73E613D43D49E06EF501B539 /* CoffeeJournal */ = {
			isa = PBXNativeTarget;
			buildConfigurationList = 86EE46C29643082C39122AF8 /* Build configuration list for PBXNativeTarget "CoffeeJournal" */;
			buildPhases = (
				00C48C7B36F25AC55BA6BA20 /* Sources */,
				5EE1F179BC2CC1161104D61C /* Frameworks */,
				C883B00D4C831DA4610BC64E /* Resources */,
			);
			buildRules = (
			);
			dependencies = (
			);
			name = CoffeeJournal;
			productName = CoffeeJournal;
			productReference = E5E4D73FDE65A061C9AE33CB /* CoffeeJournal.app */;
			productType = "com.apple.product-type.application";
		};
/* End PBXNativeTarget section */

/* Begin PBXProject section */
		8843C961065C44B0 /* Project object */ = {
			isa = PBXProject;
			attributes = {
				BuildIndependentTargetsInParallel = 1;
				LastSwiftUpdateCheck = 1600;
				LastUpgradeCheck = 2620;
			};
			buildConfigurationList = BF8D7B6569E34C35 /* Build configuration list for PBXProject "CoffeeJournal" */;
			compatibilityVersion = "Xcode 14.0";
			developmentRegion = en;
			hasScannedForEncodings = 0;
			knownRegions = (
				en,
				Base,
			);
			mainGroup = 77BCD03B956B4346;
			productRefGroup = 77BCD03B956B4346;
			projectDirPath = "";
			projectRoot = "";
			targets = (
				73E613D43D49E06EF501B539 /* CoffeeJournal */,
			);
		};
/* End PBXProject section */

/* Begin PBXResourcesBuildPhase section */
		C883B00D4C831DA4610BC64E /* Resources */ = {
			isa = PBXResourcesBuildPhase;
			buildActionMask = 2147483647;
			files = (
			);
			runOnlyForDeploymentPostprocessing = 0;
		};
/* End PBXResourcesBuildPhase section */

/* Begin PBXSourcesBuildPhase section */
		00C48C7B36F25AC55BA6BA20 /* Sources */ = {
			isa = PBXSourcesBuildPhase;
			buildActionMask = 2147483647;
			files = (
				A64C3CA581CB7160A0E95DDB /* MigrationPlan.swift in Sources */,
				E061E57E9BF4E332107D1612 /* SchemaV1.swift in Sources */,
				DF4EDDC3A15FC07DB08A8437 /* BrewLog.swift in Sources */,
				9387ACA43674811E3E4F3E30 /* BrewMethod.swift in Sources */,
				E0E39BB979489A1E21CE83A7 /* CoffeeBean.swift in Sources */,
				BA855F1B6C1C44ECEA715B14 /* FlavorWheel.swift in Sources */,
				29DD7E3D3954E4B5AAEB9BBD /* Grinder.swift in Sources */,
				84D236017428A23D692AAD1B /* GrinderType.swift in Sources */,
				12EEFB14DD2E3A2695BE820D /* MethodCategory.swift in Sources */,
				6046E617E53A3938171D855C /* MethodTemplate.swift in Sources */,
				3BFAEA17619B20F894B817BB /* ProcessingMethod.swift in Sources */,
				13DA49F3944BD399799DB6D8 /* RoastLevel.swift in Sources */,
				FCC8394937A7D10809C2575D /* TastingNote.swift in Sources */,
				815068AA7D53DABF39DF82DC /* NetworkMonitor.swift in Sources */,
				CF62E0954A280DC09C73CB6C /* SyncMonitor.swift in Sources */,
				78021BF0599D2ACA72169CB0 /* AppStorageKeys.swift in Sources */,
				35D4DFD3E78C914244446A9C /* BagLabelParser.swift in Sources */,
				184358AA7FF6BA8529139680 /* BrewStepTemplates.swift in Sources */,
				AFCECABA249E1D25E6DAB6DB /* FlowLayout.swift in Sources */,
				13C4188A53076B403459479E /* FreshnessCalculator.swift in Sources */,
				065CD976829E31F0A57F1293 /* ImageCompressor.swift in Sources */,
				2DB56F74FDFBA554C63FDB41 /* BrewLogViewModel.swift in Sources */,
				A4D136F6A44D2FB3B63C03B1 /* SetupWizardViewModel.swift in Sources */,
				4F01920FBBA27C0A1FBF50D0 /* TastingNoteViewModel.swift in Sources */,
				D205A72851A287DA5F3577EA /* AddBeanView.swift in Sources */,
				FFE8F145E968F17CAAF5709B /* BeanDetailView.swift in Sources */,
				B1686A8E3CE4BB03C39166B8 /* BeanListView.swift in Sources */,
				915202887C772010B747B1E4 /* BeanRow.swift in Sources */,
				E1F8D6EBE5CAE9D77C1099E8 /* FreshnessIndicatorView.swift in Sources */,
				AEFB9DEA2C6505FD6FC71DBC /* AddBrewLogView.swift in Sources */,
				3E707DAC10DB30C35F4E9984 /* BrewLogDetailView.swift in Sources */,
				4B963405A5F76A72CB1EABD1 /* BrewLogListView.swift in Sources */,
				BDC9378804C55720942013A2 /* BrewLogRow.swift in Sources */,
				3F9D0BE4640C7826D80A064D /* BrewStepGuideView.swift in Sources */,
				53FC98E8C0FAC3BC72ABDCB2 /* BrewTimerView.swift in Sources */,
				8249E9531A7A180E5A5AC40A /* EmptyStateView.swift in Sources */,
				AF36DB524830BC34F8C4EE5E /* EquipmentRow.swift in Sources */,
				A7D2E3B35C7E4CC37A66EA11 /* MonochromeStyle.swift in Sources */,
				D42541E25B7EEDC0D78D3941 /* StarRatingView.swift in Sources */,
				DD83A829FB88ED6ABB457099 /* SyncStatusView.swift in Sources */,
				8952CEC4EFAB56ACC70EB2A6 /* AddGrinderView.swift in Sources */,
				EFF5E490C62200419F9C3EF1 /* AddMethodView.swift in Sources */,
				D8275AF18B9EB6E99D65AC14 /* EquipmentPhotoPickerView.swift in Sources */,
				28CFB4403CE226385949C8DD /* GrinderDetailView.swift in Sources */,
				5115E7862B5A5353CADCCD4A /* GrinderListView.swift in Sources */,
				00446567795F92D700D3968B /* MethodDetailView.swift in Sources */,
				983F0E922D8943427E430AE6 /* MethodListView.swift in Sources */,
				3703043EF91D495DEF5FF406 /* BrewFilterSheet.swift in Sources */,
				FF22FBAFCD679E31DA8317CC /* BrewHistoryListContent.swift in Sources */,
				6AE86FDB2D9ACF7FAD8BCA75 /* StatisticsDashboardView.swift in Sources */,
				35719FC1A66F3CCAFD665C2E /* BagScannerView.swift in Sources */,
				DA3E661889EA8A44E58CD304 /* ScanResultReviewView.swift in Sources */,
				D6A24DCF4E1DB9034C9972D3 /* SettingsView.swift in Sources */,
				3B6FFB593BF6E21C5537E5BB /* GrinderEntryView.swift in Sources */,
				A4531AE83BEC338BAE8617A2 /* MethodSelectionView.swift in Sources */,
				6CB8BCB1F7782E195DB580B7 /* SetupCompleteView.swift in Sources */,
				36D42F5A657282B7391BED4D /* SetupWizardView.swift in Sources */,
				781DBA3420024EEF9F91A81B /* WelcomeStepView.swift in Sources */,
				BEE82EC3A427E603063DFDAF /* AttributeSliderView.swift in Sources */,
				E2A740761D03C13C92BA44B5 /* BrewComparisonView.swift in Sources */,
				397A7F16E8EEF004C3613FC7 /* FlavorProfileView.swift in Sources */,
				83E8EFCE1E67CD163A53D746 /* FlavorTagChipView.swift in Sources */,
				26B42C623CE73CDAAC3B986B /* FlavorTagFlowView.swift in Sources */,
				24FF882D8E289A980A68124F /* FlavorWheelView.swift in Sources */,
				B69AC492964121DC57C4DF24 /* SpiderChartView.swift in Sources */,
				8DAB317C5DF33ED912F62C82 /* TastingNoteEntryView.swift in Sources */,
				D113891CA246942275A51CE4 /* MainTabView.swift in Sources */,
				4F7590DB4DF905318D53C742 /* CoffeeJournalApp.swift in Sources */,
				58C1D4CC703AFDAD7F37D97E /* ContentView.swift in Sources */,
				CE0D721324848102EDE7C790 /* MethodCategory.swift in Sources */,
				4388840120803C2FC3011C76 /* GrinderType.swift in Sources */,
				00939977041C836C6F3D34B7 /* MethodTemplate.swift in Sources */,
				6E57F8048A5C74ADACA336AC /* BrewMethod.swift in Sources */,
				C13D9ACA95E119A0619A82A8 /* Grinder.swift in Sources */,
				0F7A165386C9FD57E0CD3B11 /* CoffeeBean.swift in Sources */,
				7EC23F501E4B4F32E20F4F82 /* BrewLog.swift in Sources */,
				CE3C84A8E46E92787C485BB8 /* TastingNote.swift in Sources */,
				0D81D380974C75497E627EC8 /* SchemaV1.swift in Sources */,
				8C50AA3FA95D2EA8ACAD1C42 /* MigrationPlan.swift in Sources */,
				0185192E7EB43CB04D2F4192 /* MonochromeStyle.swift in Sources */,
				D9898FD92041CEC62C44F2C6 /* EmptyStateView.swift in Sources */,
				C8C44A61DEDD03269C4EE87A /* EquipmentRow.swift in Sources */,
				6560831ABCB3CDC4BAC9D854 /* MethodListView.swift in Sources */,
				8A35B0A0B68BD42943EE6275 /* MethodDetailView.swift in Sources */,
				54029ABA0A17713CF24A4D8D /* AddMethodView.swift in Sources */,
				F8ADDCE9372721F564446D20 /* GrinderListView.swift in Sources */,
				393806B0D7A6508B73024FE8 /* GrinderDetailView.swift in Sources */,
				D6FE87B4F21B9246743841E0 /* AddGrinderView.swift in Sources */,
				7E41F3044C2556B6771BE1AB /* EquipmentPhotoPickerView.swift in Sources */,
				E1BBE704C4051184F811943C /* SettingsView.swift in Sources */,
				7BE0D3AF0B9C99E5428A60B4 /* WelcomeStepView.swift in Sources */,
				3060EC21D3D9839A3D208FF8 /* MethodSelectionView.swift in Sources */,
				3C707FDCC751653AFDA2DCAD /* GrinderEntryView.swift in Sources */,
				40B8D47D8C94E2D1F8B36891 /* SetupCompleteView.swift in Sources */,
				A13868C9425956E2B3DAE8FD /* SetupWizardViewModel.swift in Sources */,
				C374C4D7B8444B87EE08251B /* ImageCompressor.swift in Sources */,
				A9E492E43F60F2774F416391 /* AppStorageKeys.swift in Sources */,
			);
			runOnlyForDeploymentPostprocessing = 0;
		};
/* End PBXSourcesBuildPhase section */

/* Begin XCBuildConfiguration section */
		A1234567890ABCDE /* Release */ = {
			isa = XCBuildConfiguration;
			buildSettings = {
				ALWAYS_SEARCH_USER_PATHS = NO;
				ASSETCATALOG_COMPILER_GENERATE_SWIFT_ASSET_SYMBOL_EXTENSIONS = YES;
				CLANG_ANALYZER_NONNULL = YES;
				CLANG_ANALYZER_NUMBER_OBJECT_CONVERSION = YES_AGGRESSIVE;
				CLANG_CXX_LANGUAGE_STANDARD = "gnu++20";
				CLANG_ENABLE_MODULES = YES;
				CLANG_ENABLE_OBJC_ARC = YES;
				CLANG_ENABLE_OBJC_WEAK = YES;
				CLANG_WARN_BLOCK_CAPTURE_AUTORELEASING = YES;
				CLANG_WARN_BOOL_CONVERSION = YES;
				CLANG_WARN_COMMA = YES;
				CLANG_WARN_CONSTANT_CONVERSION = YES;
				CLANG_WARN_DEPRECATED_OBJC_IMPLEMENTATIONS = YES;
				CLANG_WARN_DIRECT_OBJC_ISA_USAGE = YES_ERROR;
				CLANG_WARN_DOCUMENTATION_COMMENTS = YES;
				CLANG_WARN_EMPTY_BODY = YES;
				CLANG_WARN_ENUM_CONVERSION = YES;
				CLANG_WARN_INFINITE_RECURSION = YES;
				CLANG_WARN_INT_CONVERSION = YES;
				CLANG_WARN_NON_LITERAL_NULL_CONVERSION = YES;
				CLANG_WARN_OBJC_IMPLICIT_RETAIN_SELF = YES;
				CLANG_WARN_OBJC_LITERAL_CONVERSION = YES;
				CLANG_WARN_OBJC_ROOT_CLASS = YES_ERROR;
				CLANG_WARN_QUOTED_INCLUDE_IN_FRAMEWORK_HEADER = YES;
				CLANG_WARN_RANGE_LOOP_ANALYSIS = YES;
				CLANG_WARN_STRICT_PROTOTYPES = YES;
				CLANG_WARN_SUSPICIOUS_MOVE = YES;
				CLANG_WARN_UNGUARDED_AVAILABILITY = YES_AGGRESSIVE;
				CLANG_WARN_UNREACHABLE_CODE = YES;
				CLANG_WARN__DUPLICATE_METHOD_MATCH = YES;
				COPY_PHASE_STRIP = NO;
				DEBUG_INFORMATION_FORMAT = "dwarf-with-dsym";
				DEVELOPMENT_TEAM = HZ24WXB9L5;
				ENABLE_NS_ASSERTIONS = NO;
				ENABLE_STRICT_OBJC_MSGSEND = YES;
				ENABLE_USER_SCRIPT_SANDBOXING = YES;
				GCC_C_LANGUAGE_STANDARD = gnu17;
				GCC_NO_COMMON_BLOCKS = YES;
				GCC_WARN_64_TO_32_BIT_CONVERSION = YES;
				GCC_WARN_ABOUT_RETURN_TYPE = YES_ERROR;
				GCC_WARN_UNDECLARED_SELECTOR = YES;
				GCC_WARN_UNINITIALIZED_AUTOS = YES_AGGRESSIVE;
				GCC_WARN_UNUSED_FUNCTION = YES;
				GCC_WARN_UNUSED_VARIABLE = YES;
				IPHONEOS_DEPLOYMENT_TARGET = 17.0;
				MTL_ENABLE_DEBUG_INFO = NO;
				MTL_FAST_MATH = YES;
				SDKROOT = iphoneos;
				STRING_CATALOG_GENERATE_SYMBOLS = YES;
				SWIFT_COMPILATION_MODE = wholemodule;
				VALIDATE_PRODUCT = YES;
			};
			name = Release;
		};
		BC70B548D09970EADC7D7039 /* Debug */ = {
			isa = XCBuildConfiguration;
			buildSettings = {
				ASSETCATALOG_COMPILER_APPICON_NAME = AppIcon;
				ASSETCATALOG_COMPILER_GLOBAL_ACCENT_COLOR_NAME = AccentColor;
				CLANG_ENABLE_OBJC_WEAK = NO;
				CODE_SIGN_ENTITLEMENTS = CoffeeJournal/CoffeeJournal.entitlements;
				CODE_SIGN_STYLE = Automatic;
				CURRENT_PROJECT_VERSION = 1;
				GENERATE_INFOPLIST_FILE = YES;
				INFOPLIST_FILE = CoffeeJournal/Info.plist;
				INFOPLIST_KEY_UIApplicationSceneManifest_Generation = YES;
				INFOPLIST_KEY_UIApplicationSupportsIndirectInputEvents = YES;
				INFOPLIST_KEY_UILaunchScreen_Generation = YES;
				INFOPLIST_KEY_UISupportedInterfaceOrientations_iPad = "UIInterfaceOrientationPortrait UIInterfaceOrientationPortraitUpsideDown UIInterfaceOrientationLandscapeLeft UIInterfaceOrientationLandscapeRight";
				INFOPLIST_KEY_UISupportedInterfaceOrientations_iPhone = "UIInterfaceOrientationPortrait UIInterfaceOrientationLandscapeLeft UIInterfaceOrientationLandscapeRight";
				IPHONEOS_DEPLOYMENT_TARGET = 17.0;
				LD_RUNPATH_SEARCH_PATHS = (
					"$(inherited)",
					"@executable_path/Frameworks",
				);
				MARKETING_VERSION = 1.0;
				PRODUCT_BUNDLE_IDENTIFIER = io.ashok.mycoffeeapp;
				PRODUCT_NAME = "$(TARGET_NAME)";
				SDKROOT = iphoneos;
				SWIFT_EMIT_LOC_STRINGS = YES;
				SWIFT_VERSION = 5.0;
				TARGETED_DEVICE_FAMILY = "1,2";
			};
			name = Debug;
		};
		D210F69F96539F6DA9A131A7 /* Release */ = {
			isa = XCBuildConfiguration;
			buildSettings = {
				ASSETCATALOG_COMPILER_APPICON_NAME = AppIcon;
				ASSETCATALOG_COMPILER_GLOBAL_ACCENT_COLOR_NAME = AccentColor;
				CLANG_ENABLE_OBJC_WEAK = NO;
				CODE_SIGN_ENTITLEMENTS = CoffeeJournal/CoffeeJournal.entitlements;
				CODE_SIGN_STYLE = Automatic;
				CURRENT_PROJECT_VERSION = 1;
				GENERATE_INFOPLIST_FILE = YES;
				INFOPLIST_FILE = CoffeeJournal/Info.plist;
				INFOPLIST_KEY_UIApplicationSceneManifest_Generation = YES;
				INFOPLIST_KEY_UIApplicationSupportsIndirectInputEvents = YES;
				INFOPLIST_KEY_UILaunchScreen_Generation = YES;
				INFOPLIST_KEY_UISupportedInterfaceOrientations_iPad = "UIInterfaceOrientationPortrait UIInterfaceOrientationPortraitUpsideDown UIInterfaceOrientationLandscapeLeft UIInterfaceOrientationLandscapeRight";
				INFOPLIST_KEY_UISupportedInterfaceOrientations_iPhone = "UIInterfaceOrientationPortrait UIInterfaceOrientationLandscapeLeft UIInterfaceOrientationLandscapeRight";
				IPHONEOS_DEPLOYMENT_TARGET = 17.0;
				LD_RUNPATH_SEARCH_PATHS = (
					"$(inherited)",
					"@executable_path/Frameworks",
				);
				MARKETING_VERSION = 1.0;
				PRODUCT_BUNDLE_IDENTIFIER = io.ashok.mycoffeeapp;
				PRODUCT_NAME = "$(TARGET_NAME)";
				SDKROOT = iphoneos;
				SWIFT_EMIT_LOC_STRINGS = YES;
				SWIFT_VERSION = 5.0;
				TARGETED_DEVICE_FAMILY = "1,2";
				VALIDATE_PRODUCT = YES;
			};
			name = Release;
		};
		F16D786FD89241C7 /* Debug */ = {
			isa = XCBuildConfiguration;
			buildSettings = {
				ALWAYS_SEARCH_USER_PATHS = NO;
				ASSETCATALOG_COMPILER_GENERATE_SWIFT_ASSET_SYMBOL_EXTENSIONS = YES;
				CLANG_ANALYZER_NONNULL = YES;
				CLANG_ANALYZER_NUMBER_OBJECT_CONVERSION = YES_AGGRESSIVE;
				CLANG_CXX_LANGUAGE_STANDARD = "gnu++20";
				CLANG_ENABLE_MODULES = YES;
				CLANG_ENABLE_OBJC_ARC = YES;
				CLANG_ENABLE_OBJC_WEAK = YES;
				CLANG_WARN_BLOCK_CAPTURE_AUTORELEASING = YES;
				CLANG_WARN_BOOL_CONVERSION = YES;
				CLANG_WARN_COMMA = YES;
				CLANG_WARN_CONSTANT_CONVERSION = YES;
				CLANG_WARN_DEPRECATED_OBJC_IMPLEMENTATIONS = YES;
				CLANG_WARN_DIRECT_OBJC_ISA_USAGE = YES_ERROR;
				CLANG_WARN_DOCUMENTATION_COMMENTS = YES;
				CLANG_WARN_EMPTY_BODY = YES;
				CLANG_WARN_ENUM_CONVERSION = YES;
				CLANG_WARN_INFINITE_RECURSION = YES;
				CLANG_WARN_INT_CONVERSION = YES;
				CLANG_WARN_NON_LITERAL_NULL_CONVERSION = YES;
				CLANG_WARN_OBJC_IMPLICIT_RETAIN_SELF = YES;
				CLANG_WARN_OBJC_LITERAL_CONVERSION = YES;
				CLANG_WARN_OBJC_ROOT_CLASS = YES_ERROR;
				CLANG_WARN_QUOTED_INCLUDE_IN_FRAMEWORK_HEADER = YES;
				CLANG_WARN_RANGE_LOOP_ANALYSIS = YES;
				CLANG_WARN_STRICT_PROTOTYPES = YES;
				CLANG_WARN_SUSPICIOUS_MOVE = YES;
				CLANG_WARN_UNGUARDED_AVAILABILITY = YES_AGGRESSIVE;
				CLANG_WARN_UNREACHABLE_CODE = YES;
				CLANG_WARN__DUPLICATE_METHOD_MATCH = YES;
				COPY_PHASE_STRIP = NO;
				DEBUG_INFORMATION_FORMAT = dwarf;
				DEVELOPMENT_TEAM = HZ24WXB9L5;
				ENABLE_STRICT_OBJC_MSGSEND = YES;
				ENABLE_TESTABILITY = YES;
				ENABLE_USER_SCRIPT_SANDBOXING = YES;
				GCC_C_LANGUAGE_STANDARD = gnu17;
				GCC_DYNAMIC_NO_PIC = NO;
				GCC_NO_COMMON_BLOCKS = YES;
				GCC_OPTIMIZATION_LEVEL = 0;
				GCC_PREPROCESSOR_DEFINITIONS = (
					"DEBUG=1",
					"$(inherited)",
				);
				GCC_WARN_64_TO_32_BIT_CONVERSION = YES;
				GCC_WARN_ABOUT_RETURN_TYPE = YES_ERROR;
				GCC_WARN_UNDECLARED_SELECTOR = YES;
				GCC_WARN_UNINITIALIZED_AUTOS = YES_AGGRESSIVE;
				GCC_WARN_UNUSED_FUNCTION = YES;
				GCC_WARN_UNUSED_VARIABLE = YES;
				IPHONEOS_DEPLOYMENT_TARGET = 17.0;
				MTL_ENABLE_DEBUG_INFO = INCLUDE_SOURCE;
				MTL_FAST_MATH = YES;
				ONLY_ACTIVE_ARCH = YES;
				SDKROOT = iphoneos;
				STRING_CATALOG_GENERATE_SYMBOLS = YES;
				SWIFT_ACTIVE_COMPILATION_CONDITIONS = "$(inherited) DEBUG";
				SWIFT_OPTIMIZATION_LEVEL = "-Onone";
			};
			name = Debug;
		};
/* End XCBuildConfiguration section */

/* Begin XCConfigurationList section */
		86EE46C29643082C39122AF8 /* Build configuration list for PBXNativeTarget "CoffeeJournal" */ = {
			isa = XCConfigurationList;
			buildConfigurations = (
				D210F69F96539F6DA9A131A7 /* Release */,
				BC70B548D09970EADC7D7039 /* Debug */,
			);
			defaultConfigurationIsVisible = 0;
			defaultConfigurationName = Release;
		};
		BF8D7B6569E34C35 /* Build configuration list for PBXProject "CoffeeJournal" */ = {
			isa = XCConfigurationList;
			buildConfigurations = (
				F16D786FD89241C7 /* Debug */,
				A1234567890ABCDE /* Release */,
			);
			defaultConfigurationIsVisible = 0;
			defaultConfigurationName = Release;
		};
/* End XCConfigurationList section */
	};
	rootObject = 8843C961065C44B0 /* Project object */;
}
